
Microsoft Visual Studio Solution File, Format Version 12.00
# Visual Studio Version 16
VisualStudioVersion = 16.0.32126.315
MinimumVisualStudioVersion = 10.0.40219.1
Project("{FAE04EC0-301F-11D3-BF4B-00C04F79EFBC}") = "Simulation_lab-9", "Simulation_lab-9.csproj", "{BF7BF7C1-D537-4504-96E4-F5B9BBCD9BF7}"
EndProject
Global
	GlobalSection(SolutionConfigurationPlatforms) = preSolution
		Debug|Any CPU = Debug|Any CPU
		Release|Any CPU = Release|Any CPU
	EndGlobalSection
	GlobalSection(ProjectConfigurationPlatforms) = postSolution
		{BF7BF7C1-D537-4504-96E4-F5B9BBCD9BF7}.Debug|Any CPU.ActiveCfg = Debug|Any CPU
		{BF7BF7C1-D537-4504-96E4-F5B9BBCD9BF7}.Debug|Any CPU.Build.0 = Debug|Any CPU
		{BF7BF7C1-D537-4504-96E4-F5B9BBCD9BF7}.Release|Any CPU.ActiveCfg = Release|Any CPU
		{BF7BF7C1-D537-4504-96E4-F5B9BBCD9BF7}.Release|Any CPU.Build.0 = Release|Any CPU
	EndGlobalSection
	GlobalSection(SolutionProperties) = preSolution
		HideSolutionNode = FALSE
	EndGlobalSection
	GlobalSection(ExtensibilityGlobals) = postSolution
		SolutionGuid = {6AC8CF52-BA70-47CD-AD61-0FAF91077F21}
	EndGlobalSection
EndGlobal
